
Microsoft Visual Studio Solution File, Format Version 12.00
# Visual Studio 15
VisualStudioVersion = 15.0.28010.2026
MinimumVisualStudioVersion = 10.0.40219.1
Project("{FAE04EC0-301F-11D3-BF4B-00C04F79EFBC}") = "CrapsGame", "CrapsGame\CrapsGame.csproj", "{F53C1FB6-E11D-40F7-B2B1-1E57FABFDBE1}"
EndProject
Global
	GlobalSection(SolutionConfigurationPlatforms) = preSolution
		Debug|Any CPU = Debug|Any CPU
		Release|Any CPU = Release|Any CPU
	EndGlobalSection
	GlobalSection(ProjectConfigurationPlatforms) = postSolution
		{F53C1FB6-E11D-40F7-B2B1-1E57FABFDBE1}.Debug|Any CPU.ActiveCfg = Debug|Any CPU
		{F53C1FB6-E11D-40F7-B2B1-1E57FABFDBE1}.Debug|Any CPU.Build.0 = Debug|Any CPU
		{F53C1FB6-E11D-40F7-B2B1-1E57FABFDBE1}.Release|Any CPU.ActiveCfg = Release|Any CPU
		{F53C1FB6-E11D-40F7-B2B1-1E57FABFDBE1}.Release|Any CPU.Build.0 = Release|Any CPU
	EndGlobalSection
	GlobalSection(SolutionProperties) = preSolution
		HideSolutionNode = FALSE
	EndGlobalSection
	GlobalSection(ExtensibilityGlobals) = postSolution
		SolutionGuid = {4430B97F-DCBA-43D9-BD80-915072B3FB09}
	EndGlobalSection
EndGlobal
